<?xml version="1.0" encoding="UTF-8" standalone="yes" ?>
<CodeBlocks_project_file>
	<FileVersion major="1" minor="6" />
	<Project>
		<Option title="cvector" />
		<Option pch_mode="2" />
		<Option compiler="gcc" />
		<Build>
			<Target title="test_static_debug">
				<Option output="bin/test_static_debug" prefix_auto="1" extension_auto="1" />
				<Option object_output="obj/Debug/" />
				<Option type="1" />
				<Option compiler="gcc" />
				<Compiler>
					<Add option="-Og" />
					<Add option="-g" />
					<Add directory="../cvector" />
				</Compiler>
			</Target>
			<Target title="test_static_release">
				<Option output="bin/test_static" prefix_auto="1" extension_auto="1" />
				<Option object_output="obj/Release/" />
				<Option type="1" />
				<Option compiler="gcc" />
				<Compiler>
					<Add option="-O2" />
					<Add directory="../cvector" />
				</Compiler>
				<Linker>
					<Add option="-s" />
				</Linker>
			</Target>
			<Target title="cvector_dll_release">
				<Option output="lib/cvector" imp_lib="$(TARGET_OUTPUT_DIR)$(TARGET_OUTPUT_BASENAME).a" def_file="$(TARGET_OUTPUT_DIR)$(TARGET_OUTPUT_BASENAME).def" prefix_auto="0" extension_auto="1" />
				<Option object_output="obj/Debug/" />
				<Option type="3" />
				<Option compiler="gcc" />
				<Option createDefFile="1" />
				<Option createStaticLib="1" />
			</Target>
			<Target title="cvector_dll_debug">
				<Option output="lib/cvector_debug" imp_lib="$(TARGET_OUTPUT_DIR)$(TARGET_OUTPUT_BASENAME).a" def_file="$(TARGET_OUTPUT_DIR)$(TARGET_OUTPUT_BASENAME).def" prefix_auto="0" extension_auto="1" />
				<Option object_output="obj/Debug/" />
				<Option type="3" />
				<Option compiler="gcc" />
				<Option createDefFile="1" />
				<Option createStaticLib="1" />
			</Target>
			<Target title="test_shared_debug">
				<Option output="bin/test_shared_debug" prefix_auto="1" extension_auto="1" />
				<Option object_output="obj/Debug/" />
				<Option type="1" />
				<Option compiler="gcc" />
				<Compiler>
					<Add option="-Og" />
					<Add option="-g" />
					<Add directory="../cvector" />
				</Compiler>
				<Linker>
					<Add library="lib/cvector_debug.a" />
				</Linker>
			</Target>
			<Target title="test_shared_release">
				<Option output="bin/test_shared" prefix_auto="1" extension_auto="1" />
				<Option object_output="obj/Release/" />
				<Option type="1" />
				<Option compiler="gcc" />
				<Compiler>
					<Add option="-O2" />
					<Add directory="../cvector" />
				</Compiler>
				<Linker>
					<Add option="-s" />
					<Add library="lib/cvector.a" />
				</Linker>
			</Target>
		</Build>
		<Compiler>
			<Add option="-Wunreachable-code" />
			<Add option="-pedantic" />
			<Add option="-Wextra" />
			<Add option="-Wall" />
			<Add option="-std=c11" />
		</Compiler>
		<Unit filename="src/nvector.c">
			<Option compilerVar="CC" />
			<Option target="cvector_dll_release" />
			<Option target="cvector_dll_debug" />
			<Option target="test_static_release" />
			<Option target="test_static_debug" />
		</Unit>
		<Unit filename="src/nvector.h">
			<Option target="cvector_dll_release" />
			<Option target="cvector_dll_debug" />
			<Option target="test_static_release" />
			<Option target="test_static_debug" />
		</Unit>
		<Unit filename="src/svector.c">
			<Option compilerVar="CC" />
			<Option target="cvector_dll_release" />
			<Option target="cvector_dll_debug" />
			<Option target="test_static_release" />
			<Option target="test_static_debug" />
		</Unit>
		<Unit filename="src/svector.h">
			<Option target="cvector_dll_release" />
			<Option target="cvector_dll_debug" />
			<Option target="test_static_release" />
			<Option target="test_static_debug" />
		</Unit>
		<Unit filename="test/test_shared.c">
			<Option compilerVar="CC" />
			<Option target="test_shared_debug" />
			<Option target="test_shared_release" />
		</Unit>
		<Unit filename="test/test_static.c">
			<Option compilerVar="CC" />
			<Option target="test_static_debug" />
			<Option target="test_static_release" />
		</Unit>
		<Extensions>
			<code_completion />
			<envvars />
			<debugger />
		</Extensions>
	</Project>
</CodeBlocks_project_file>
